{
  "name": "tf2-rtp-calculator",
  "version": "1.1.0",
  "lockfileVersion": 3,
  "requires": true,
  "packages": {
    "": {
      "name": "tf2-rtp-calculator",
      "version": "1.1.0",
      "license": "MIT",
      "dependencies": {
        "@types/stream-json": "^1.7.8",
        "commander": "^14.0.0",
        "dotenv": "^16.5.0",
        "stream-json": "^1.9.1"
      },
      "bin": {
        "tf2-rtp-calculator": "dist/index.js"
      },
      "devDependencies": {
        "@types/node": "^22.15.21"
      },
      "peerDependencies": {
        "typescript": "^5.3.3"
      }
    },
    "node_modules/@types/node": {
      "version": "22.15.21",
      "license": "MIT",
      "dependencies": {
        "undici-types": "~6.21.0"
      }
    },
    "node_modules/@types/stream-chain": {
      "version": "2.1.0",
      "license": "MIT",
      "dependencies": {
        "@types/node": "*"
      }
    },
    "node_modules/@types/stream-json": {
      "version": "1.7.8",
      "license": "MIT",
      "dependencies": {
        "@types/node": "*",
        "@types/stream-chain": "*"
      }
    },
    "node_modules/commander": {
      "version": "14.0.0",
      "license": "MIT",
      "engines": {
        "node": ">=20"
      }
    },
    "node_modules/dotenv": {
      "version": "16.5.0",
      "license": "BSD-2-Clause",
      "engines": {
        "node": ">=12"
      },
      "funding": {
        "url": "https://dotenvx.com"
      }
    },
    "node_modules/stream-chain": {
      "version": "2.2.5",
      "license": "BSD-3-Clause"
    },
    "node_modules/stream-json": {
      "version": "1.9.1",
      "license": "BSD-3-Clause",
      "dependencies": {
        "stream-chain": "^2.2.5"
      }
    },
    "node_modules/typescript": {
      "version": "5.8.3",
      "resolved": "https://registry.npmjs.org/typescript/-/typescript-5.8.3.tgz",
      "integrity": "sha512-p1diW6TqL9L07nNxvRMM7hMMw4c5XOo/1ibL4aAIGmSAt9slTE1Xgw5KWuof2uTOvCg9BY7ZRi+GaF+7sfgPeQ==",
      "license": "Apache-2.0",
      "peer": true,
      "bin": {
        "tsc": "bin/tsc",
        "tsserver": "bin/tsserver"
      },
      "engines": {
        "node": ">=14.17"
      }
    },
    "node_modules/undici-types": {
      "version": "6.21.0",
      "license": "MIT"
    }
  }
}
